// !$*UTF8*$!
{
	archiveVersion = 1;
	classes = {
	};
	objectVersion = 46;
	objects = {

/* Begin PBXBuildFile section */
		787580911A250EE200BC6245 /* CollectionViewCell.swift in Sources */ = {isa = PBXBuildFile; fileRef = 787580901A250EE200BC6245 /* CollectionViewCell.swift */; };
		787580971A25130D00BC6245 /* appicon.jpg in Resources */ = {isa = PBXBuildFile; fileRef = 787580931A25130D00BC6245 /* appicon.jpg */; };
		787580981A25130D00BC6245 /* holder.png in Resources */ = {isa = PBXBuildFile; fileRef = 787580941A25130D00BC6245 /* holder.png */; };
		787580991A25130D00BC6245 /* more.png in Resources */ = {isa = PBXBuildFile; fileRef = 787580951A25130D00BC6245 /* more.png */; };
		7875809A1A25130D00BC6245 /* settings.png in Resources */ = {isa = PBXBuildFile; fileRef = 787580961A25130D00BC6245 /* settings.png */; };
		78C4D7B71A23BAC900DD3BB3 /* FeedData.swift in Sources */ = {isa = PBXBuildFile; fileRef = 78C4D7B61A23BAC900DD3BB3 /* FeedData.swift */; };
		78C4D7BB1A23CB2000DD3BB3 /* SettingsViewController.swift in Sources */ = {isa = PBXBuildFile; fileRef = 78C4D7BA1A23CB2000DD3BB3 /* SettingsViewController.swift */; };
		95E0534C1A23427D00D37F32 /* AppDelegate.swift in Sources */ = {isa = PBXBuildFile; fileRef = 95E0534B1A23427D00D37F32 /* AppDelegate.swift */; };
		95E0534E1A23427D00D37F32 /* ViewController.swift in Sources */ = {isa = PBXBuildFile; fileRef = 95E0534D1A23427D00D37F32 /* ViewController.swift */; };
		95E053511A23427D00D37F32 /* Main.storyboard in Resources */ = {isa = PBXBuildFile; fileRef = 95E0534F1A23427D00D37F32 /* Main.storyboard */; };
		95E053531A23427D00D37F32 /* Images.xcassets in Resources */ = {isa = PBXBuildFile; fileRef = 95E053521A23427D00D37F32 /* Images.xcassets */; };
		95E053561A23427D00D37F32 /* LaunchScreen.xib in Resources */ = {isa = PBXBuildFile; fileRef = 95E053541A23427D00D37F32 /* LaunchScreen.xib */; };
		95E053621A23427E00D37F32 /* iNewsFeedTests.swift in Sources */ = {isa = PBXBuildFile; fileRef = 95E053611A23427E00D37F32 /* iNewsFeedTests.swift */; };
		95E053711A2375C100D37F32 /* FileManager.swift in Sources */ = {isa = PBXBuildFile; fileRef = 95E053701A2375C100D37F32 /* FileManager.swift */; };
		95E053731A237B3500D37F32 /* Settings.json in Resources */ = {isa = PBXBuildFile; fileRef = 95E053721A237B3500D37F32 /* Settings.json */; };
/* End PBXBuildFile section */

/* Begin PBXContainerItemProxy section */
		95E0535C1A23427E00D37F32 /* PBXContainerItemProxy */ = {
			isa = PBXContainerItemProxy;
			containerPortal = 95E0533E1A23427C00D37F32 /* Project object */;
			proxyType = 1;
			remoteGlobalIDString = 95E053451A23427D00D37F32;
			remoteInfo = iNewsFeed;
		};
/* End PBXContainerItemProxy section */

/* Begin PBXFileReference section */
		787580901A250EE200BC6245 /* CollectionViewCell.swift */ = {isa = PBXFileReference; fileEncoding = 4; lastKnownFileType = sourcecode.swift; name = CollectionViewCell.swift; path = CustomClasses/CollectionViewCell.swift; sourceTree = "<group>"; };
		787580931A25130D00BC6245 /* appicon.jpg */ = {isa = PBXFileReference; lastKnownFileType = image.jpeg; path = appicon.jpg; sourceTree = "<group>"; };
		787580941A25130D00BC6245 /* holder.png */ = {isa = PBXFileReference; lastKnownFileType = image.png; path = holder.png; sourceTree = "<group>"; };
		787580951A25130D00BC6245 /* more.png */ = {isa = PBXFileReference; lastKnownFileType = image.png; path = more.png; sourceTree = "<group>"; };
		787580961A25130D00BC6245 /* settings.png */ = {isa = PBXFileReference; lastKnownFileType = image.png; path = settings.png; sourceTree = "<group>"; };
		78C4D7B61A23BAC900DD3BB3 /* FeedData.swift */ = {isa = PBXFileReference; fileEncoding = 4; lastKnownFileType = sourcecode.swift; path = FeedData.swift; sourceTree = "<group>"; };
		78C4D7BA1A23CB2000DD3BB3 /* SettingsViewController.swift */ = {isa = PBXFileReference; fileEncoding = 4; lastKnownFileType = sourcecode.swift; path = SettingsViewController.swift; sourceTree = "<group>"; };
		95E053461A23427D00D37F32 /* iNewsFeed.app */ = {isa = PBXFileReference; explicitFileType = wrapper.application; includeInIndex = 0; path = iNewsFeed.app; sourceTree = BUILT_PRODUCTS_DIR; };
		95E0534A1A23427D00D37F32 /* Info.plist */ = {isa = PBXFileReference; lastKnownFileType = text.plist.xml; path = Info.plist; sourceTree = "<group>"; };
		95E0534B1A23427D00D37F32 /* AppDelegate.swift */ = {isa = PBXFileReference; lastKnownFileType = sourcecode.swift; path = AppDelegate.swift; sourceTree = "<group>"; };
		95E0534D1A23427D00D37F32 /* ViewController.swift */ = {isa = PBXFileReference; lastKnownFileType = sourcecode.swift; path = ViewController.swift; sourceTree = "<group>"; };
		95E053501A23427D00D37F32 /* Base */ = {isa = PBXFileReference; lastKnownFileType = file.storyboard; name = Base; path = Base.lproj/Main.storyboard; sourceTree = "<group>"; };
		95E053521A23427D00D37F32 /* Images.xcassets */ = {isa = PBXFileReference; lastKnownFileType = folder.assetcatalog; path = Images.xcassets; sourceTree = "<group>"; };
		95E053551A23427D00D37F32 /* Base */ = {isa = PBXFileReference; lastKnownFileType = file.xib; name = Base; path = Base.lproj/LaunchScreen.xib; sourceTree = "<group>"; };
		95E0535B1A23427E00D37F32 /* iNewsFeedTests.xctest */ = {isa = PBXFileReference; explicitFileType = wrapper.cfbundle; includeInIndex = 0; path = iNewsFeedTests.xctest; sourceTree = BUILT_PRODUCTS_DIR; };
		95E053601A23427E00D37F32 /* Info.plist */ = {isa = PBXFileReference; lastKnownFileType = text.plist.xml; path = Info.plist; sourceTree = "<group>"; };
		95E053611A23427E00D37F32 /* iNewsFeedTests.swift */ = {isa = PBXFileReference; lastKnownFileType = sourcecode.swift; path = iNewsFeedTests.swift; sourceTree = "<group>"; };
		95E053701A2375C100D37F32 /* FileManager.swift */ = {isa = PBXFileReference; fileEncoding = 4; lastKnownFileType = sourcecode.swift; name = FileManager.swift; path = CustomClasses/FileManager.swift; sourceTree = "<group>"; };
		95E053721A237B3500D37F32 /* Settings.json */ = {isa = PBXFileReference; fileEncoding = 4; lastKnownFileType = text.json; path = Settings.json; sourceTree = "<group>"; };
/* End PBXFileReference section */

/* Begin PBXFrameworksBuildPhase section */
		95E053431A23427D00D37F32 /* Frameworks */ = {
			isa = PBXFrameworksBuildPhase;
			buildActionMask = 2147483647;
			files = (
			);
			runOnlyForDeploymentPostprocessing = 0;
		};
		95E053581A23427E00D37F32 /* Frameworks */ = {
			isa = PBXFrameworksBuildPhase;
			buildActionMask = 2147483647;
			files = (
			);
			runOnlyForDeploymentPostprocessing = 0;
		};
/* End PBXFrameworksBuildPhase section */

/* Begin PBXGroup section */
		787580921A25130D00BC6245 /* Resource */ = {
			isa = PBXGroup;
			children = (
				787580931A25130D00BC6245 /* appicon.jpg */,
				787580941A25130D00BC6245 /* holder.png */,
				787580951A25130D00BC6245 /* more.png */,
				787580961A25130D00BC6245 /* settings.png */,
			);
			path = Resource;
			sourceTree = "<group>";
		};
		95E0533D1A23427C00D37F32 = {
			isa = PBXGroup;
			children = (
				95E053481A23427D00D37F32 /* iNewsFeed */,
				95E0535E1A23427E00D37F32 /* iNewsFeedTests */,
				95E053471A23427D00D37F32 /* Products */,
			);
			sourceTree = "<group>";
		};
		95E053471A23427D00D37F32 /* Products */ = {
			isa = PBXGroup;
			children = (
				95E053461A23427D00D37F32 /* iNewsFeed.app */,
				95E0535B1A23427E00D37F32 /* iNewsFeedTests.xctest */,
			);
			name = Products;
			sourceTree = "<group>";
		};
		95E053481A23427D00D37F32 /* iNewsFeed */ = {
			isa = PBXGroup;
			children = (
				787580921A25130D00BC6245 /* Resource */,
				78C4D7B61A23BAC900DD3BB3 /* FeedData.swift */,
				95E0536F1A23759400D37F32 /* CustomClasses */,
				95E0534B1A23427D00D37F32 /* AppDelegate.swift */,
				95E0534D1A23427D00D37F32 /* ViewController.swift */,
				78C4D7BA1A23CB2000DD3BB3 /* SettingsViewController.swift */,
				95E0534F1A23427D00D37F32 /* Main.storyboard */,
				95E053521A23427D00D37F32 /* Images.xcassets */,
				95E053541A23427D00D37F32 /* LaunchScreen.xib */,
				95E053491A23427D00D37F32 /* Supporting Files */,
			);
			path = iNewsFeed;
			sourceTree = "<group>";
		};
		95E053491A23427D00D37F32 /* Supporting Files */ = {
			isa = PBXGroup;
			children = (
				95E0534A1A23427D00D37F32 /* Info.plist */,
			);
			name = "Supporting Files";
			sourceTree = "<group>";
		};
		95E0535E1A23427E00D37F32 /* iNewsFeedTests */ = {
			isa = PBXGroup;
			children = (
				95E053611A23427E00D37F32 /* iNewsFeedTests.swift */,
				95E0535F1A23427E00D37F32 /* Supporting Files */,
			);
			path = iNewsFeedTests;
			sourceTree = "<group>";
		};
		95E0535F1A23427E00D37F32 /* Supporting Files */ = {
			isa = PBXGroup;
			children = (
				95E053601A23427E00D37F32 /* Info.plist */,
			);
			name = "Supporting Files";
			sourceTree = "<group>";
		};
		95E0536F1A23759400D37F32 /* CustomClasses */ = {
			isa = PBXGroup;
			children = (
				787580901A250EE200BC6245 /* CollectionViewCell.swift */,
				95E053721A237B3500D37F32 /* Settings.json */,
				95E053701A2375C100D37F32 /* FileManager.swift */,
			);
			name = CustomClasses;
			sourceTree = "<group>";
		};
/* End PBXGroup section */

/* Begin PBXNativeTarget section */
		95E053451A23427D00D37F32 /* iNewsFeed */ = {
			isa = PBXNativeTarget;
			buildConfigurationList = 95E053651A23427E00D37F32 /* Build configuration list for PBXNativeTarget "iNewsFeed" */;
			buildPhases = (
				95E053421A23427D00D37F32 /* Sources */,
				95E053431A23427D00D37F32 /* Frameworks */,
				95E053441A23427D00D37F32 /* Resources */,
			);
			buildRules = (
			);
			dependencies = (
			);
			name = iNewsFeed;
			productName = iNewsFeed;
			productReference = 95E053461A23427D00D37F32 /* iNewsFeed.app */;
			productType = "com.apple.product-type.application";
		};
		95E0535A1A23427E00D37F32 /* iNewsFeedTests */ = {
			isa = PBXNativeTarget;
			buildConfigurationList = 95E053681A23427E00D37F32 /* Build configuration list for PBXNativeTarget "iNewsFeedTests" */;
			buildPhases = (
				95E053571A23427E00D37F32 /* Sources */,
				95E053581A23427E00D37F32 /* Frameworks */,
				95E053591A23427E00D37F32 /* Resources */,
			);
			buildRules = (
			);
			dependencies = (
				95E0535D1A23427E00D37F32 /* PBXTargetDependency */,
			);
			name = iNewsFeedTests;
			productName = iNewsFeedTests;
			productReference = 95E0535B1A23427E00D37F32 /* iNewsFeedTests.xctest */;
			productType = "com.apple.product-type.bundle.unit-test";
		};
/* End PBXNativeTarget section */

/* Begin PBXProject section */
		95E0533E1A23427C00D37F32 /* Project object */ = {
			isa = PBXProject;
			attributes = {
				LastUpgradeCheck = 0610;
				ORGANIZATIONNAME = Iappscrazy;
				TargetAttributes = {
					95E053451A23427D00D37F32 = {
						CreatedOnToolsVersion = 6.1;
					};
					95E0535A1A23427E00D37F32 = {
						CreatedOnToolsVersion = 6.1;
						TestTargetID = 95E053451A23427D00D37F32;
					};
				};
			};
			buildConfigurationList = 95E053411A23427C00D37F32 /* Build configuration list for PBXProject "iNewsFeed" */;
			compatibilityVersion = "Xcode 3.2";
			developmentRegion = English;
			hasScannedForEncodings = 0;
			knownRegions = (
				en,
				Base,
			);
			mainGroup = 95E0533D1A23427C00D37F32;
			productRefGroup = 95E053471A23427D00D37F32 /* Products */;
			projectDirPath = "";
			projectRoot = "";
			targets = (
				95E053451A23427D00D37F32 /* iNewsFeed */,
				95E0535A1A23427E00D37F32 /* iNewsFeedTests */,
			);
		};
/* End PBXProject section */

/* Begin PBXResourcesBuildPhase section */
		95E053441A23427D00D37F32 /* Resources */ = {
			isa = PBXResourcesBuildPhase;
			buildActionMask = 2147483647;
			files = (
				7875809A1A25130D00BC6245 /* settings.png in Resources */,
				787580971A25130D00BC6245 /* appicon.jpg in Resources */,
				95E053511A23427D00D37F32 /* Main.storyboard in Resources */,
				95E053561A23427D00D37F32 /* LaunchScreen.xib in Resources */,
				787580981A25130D00BC6245 /* holder.png in Resources */,
				95E053731A237B3500D37F32 /* Settings.json in Resources */,
				787580991A25130D00BC6245 /* more.png in Resources */,
				95E053531A23427D00D37F32 /* Images.xcassets in Resources */,
			);
			runOnlyForDeploymentPostprocessing = 0;
		};
		95E053591A23427E00D37F32 /* Resources */ = {
			isa = PBXResourcesBuildPhase;
			buildActionMask = 2147483647;
			files = (
			);
			runOnlyForDeploymentPostprocessing = 0;
		};
/* End PBXResourcesBuildPhase section */

/* Begin PBXSourcesBuildPhase section */
		95E053421A23427D00D37F32 /* Sources */ = {
			isa = PBXSourcesBuildPhase;
			buildActionMask = 2147483647;
			files = (
				95E053711A2375C100D37F32 /* FileManager.swift in Sources */,
				95E0534E1A23427D00D37F32 /* ViewController.swift in Sources */,
				787580911A250EE200BC6245 /* CollectionViewCell.swift in Sources */,
				95E0534C1A23427D00D37F32 /* AppDelegate.swift in Sources */,
				78C4D7BB1A23CB2000DD3BB3 /* SettingsViewController.swift in Sources */,
				78C4D7B71A23BAC900DD3BB3 /* FeedData.swift in Sources */,
			);
			runOnlyForDeploymentPostprocessing = 0;
		};
		95E053571A23427E00D37F32 /* Sources */ = {
			isa = PBXSourcesBuildPhase;
			buildActionMask = 2147483647;
			files = (
				95E053621A23427E00D37F32 /* iNewsFeedTests.swift in Sources */,
			);
			runOnlyForDeploymentPostprocessing = 0;
		};
/* End PBXSourcesBuildPhase section */

/* Begin PBXTargetDependency section */
		95E0535D1A23427E00D37F32 /* PBXTargetDependency */ = {
			isa = PBXTargetDependency;
			target = 95E053451A23427D00D37F32 /* iNewsFeed */;
			targetProxy = 95E0535C1A23427E00D37F32 /* PBXContainerItemProxy */;
		};
/* End PBXTargetDependency section */

/* Begin PBXVariantGroup section */
		95E0534F1A23427D00D37F32 /* Main.storyboard */ = {
			isa = PBXVariantGroup;
			children = (
				95E053501A23427D00D37F32 /* Base */,
			);
			name = Main.storyboard;
			sourceTree = "<group>";
		};
		95E053541A23427D00D37F32 /* LaunchScreen.xib */ = {
			isa = PBXVariantGroup;
			children = (
				95E053551A23427D00D37F32 /* Base */,
			);
			name = LaunchScreen.xib;
			sourceTree = "<group>";
		};
/* End PBXVariantGroup section */

/* Begin XCBuildConfiguration section */
		95E053631A23427E00D37F32 /* Debug */ = {
			isa = XCBuildConfiguration;
			buildSettings = {
				ALWAYS_SEARCH_USER_PATHS = NO;
				CLANG_CXX_LANGUAGE_STANDARD = "gnu++0x";
				CLANG_CXX_LIBRARY = "libc++";
				CLANG_ENABLE_MODULES = YES;
				CLANG_ENABLE_OBJC_ARC = YES;
				CLANG_WARN_BOOL_CONVERSION = YES;
				CLANG_WARN_CONSTANT_CONVERSION = YES;
				CLANG_WARN_DIRECT_OBJC_ISA_USAGE = YES_ERROR;
				CLANG_WARN_EMPTY_BODY = YES;
				CLANG_WARN_ENUM_CONVERSION = YES;
				CLANG_WARN_INT_CONVERSION = YES;
				CLANG_WARN_OBJC_ROOT_CLASS = YES_ERROR;
				CLANG_WARN_UNREACHABLE_CODE = YES;
				CLANG_WARN__DUPLICATE_METHOD_MATCH = YES;
				"CODE_SIGN_IDENTITY[sdk=iphoneos*]" = "iPhone Developer";
				COPY_PHASE_STRIP = NO;
				ENABLE_STRICT_OBJC_MSGSEND = YES;
				GCC_C_LANGUAGE_STANDARD = gnu99;
				GCC_DYNAMIC_NO_PIC = NO;
				GCC_OPTIMIZATION_LEVEL = 0;
				GCC_PREPROCESSOR_DEFINITIONS = (
					"DEBUG=1",
					"$(inherited)",
				);
				GCC_SYMBOLS_PRIVATE_EXTERN = NO;
				GCC_WARN_64_TO_32_BIT_CONVERSION = YES;
				GCC_WARN_ABOUT_RETURN_TYPE = YES_ERROR;
				GCC_WARN_UNDECLARED_SELECTOR = YES;
				GCC_WARN_UNINITIALIZED_AUTOS = YES_AGGRESSIVE;
				GCC_WARN_UNUSED_FUNCTION = YES;
				GCC_WARN_UNUSED_VARIABLE = YES;
				IPHONEOS_DEPLOYMENT_TARGET = 8.1;
				MTL_ENABLE_DEBUG_INFO = YES;
				ONLY_ACTIVE_ARCH = YES;
				SDKROOT = iphoneos;
				SWIFT_OPTIMIZATION_LEVEL = "-Onone";
				TARGETED_DEVICE_FAMILY = "1,2";
			};
			name = Debug;
		};
		95E053641A23427E00D37F32 /* Release */ = {
			isa = XCBuildConfiguration;
			buildSettings = {
				ALWAYS_SEARCH_USER_PATHS = NO;
				CLANG_CXX_LANGUAGE_STANDARD = "gnu++0x";
				CLANG_CXX_LIBRARY = "libc++";
				CLANG_ENABLE_MODULES = YES;
				CLANG_ENABLE_OBJC_ARC = YES;
				CLANG_WARN_BOOL_CONVERSION = YES;
				CLANG_WARN_CONSTANT_CONVERSION = YES;
				CLANG_WARN_DIRECT_OBJC_ISA_USAGE = YES_ERROR;
				CLANG_WARN_EMPTY_BODY = YES;
				CLANG_WARN_ENUM_CONVERSION = YES;
				CLANG_WARN_INT_CONVERSION = YES;
				CLANG_WARN_OBJC_ROOT_CLASS = YES_ERROR;
				CLANG_WARN_UNREACHABLE_CODE = YES;
				CLANG_WARN__DUPLICATE_METHOD_MATCH = YES;
				"CODE_SIGN_IDENTITY[sdk=iphoneos*]" = "iPhone Developer";
				COPY_PHASE_STRIP = YES;
				ENABLE_NS_ASSERTIONS = NO;
				ENABLE_STRICT_OBJC_MSGSEND = YES;
				GCC_C_LANGUAGE_STANDARD = gnu99;
				GCC_WARN_64_TO_32_BIT_CONVERSION = YES;
				GCC_WARN_ABOUT_RETURN_TYPE = YES_ERROR;
				GCC_WARN_UNDECLARED_SELECTOR = YES;
				GCC_WARN_UNINITIALIZED_AUTOS = YES_AGGRESSIVE;
				GCC_WARN_UNUSED_FUNCTION = YES;
				GCC_WARN_UNUSED_VARIABLE = YES;
				IPHONEOS_DEPLOYMENT_TARGET = 8.1;
				MTL_ENABLE_DEBUG_INFO = NO;
				SDKROOT = iphoneos;
				TARGETED_DEVICE_FAMILY = "1,2";
				VALIDATE_PRODUCT = YES;
			};
			name = Release;
		};
		95E053661A23427E00D37F32 /* Debug */ = {
			isa = XCBuildConfiguration;
			buildSettings = {
				ASSETCATALOG_COMPILER_APPICON_NAME = AppIcon;
				CODE_SIGN_IDENTITY = "iPhone Developer: balagurubaran kalingarayan (7LJW83T65D)";
				INFOPLIST_FILE = iNewsFeed/Info.plist;
				LD_RUNPATH_SEARCH_PATHS = "$(inherited) @executable_path/Frameworks";
				PRODUCT_NAME = "$(TARGET_NAME)";
				PROVISIONING_PROFILE = "b8b7b8c3-a9d6-4732-a612-1c2324f8ac5d";
			};
			name = Debug;
		};
		95E053671A23427E00D37F32 /* Release */ = {
			isa = XCBuildConfiguration;
			buildSettings = {
				ASSETCATALOG_COMPILER_APPICON_NAME = AppIcon;
				CODE_SIGN_IDENTITY = "iPhone Developer: balagurubaran kalingarayan (7LJW83T65D)";
				INFOPLIST_FILE = iNewsFeed/Info.plist;
				LD_RUNPATH_SEARCH_PATHS = "$(inherited) @executable_path/Frameworks";
				PRODUCT_NAME = "$(TARGET_NAME)";
				PROVISIONING_PROFILE = "b8b7b8c3-a9d6-4732-a612-1c2324f8ac5d";
			};
			name = Release;
		};
		95E053691A23427E00D37F32 /* Debug */ = {
			isa = XCBuildConfiguration;
			buildSettings = {
				BUNDLE_LOADER = "$(TEST_HOST)";
				FRAMEWORK_SEARCH_PATHS = (
					"$(SDKROOT)/Developer/Library/Frameworks",
					"$(inherited)",
				);
				GCC_PREPROCESSOR_DEFINITIONS = (
					"DEBUG=1",
					"$(inherited)",
				);
				INFOPLIST_FILE = iNewsFeedTests/Info.plist;
				LD_RUNPATH_SEARCH_PATHS = "$(inherited) @executable_path/Frameworks @loader_path/Frameworks";
				PRODUCT_NAME = "$(TARGET_NAME)";
				TEST_HOST = "$(BUILT_PRODUCTS_DIR)/iNewsFeed.app/iNewsFeed";
			};
			name = Debug;
		};
		95E0536A1A23427E00D37F32 /* Release */ = {
			isa = XCBuildConfiguration;
			buildSettings = {
				BUNDLE_LOADER = "$(TEST_HOST)";
				FRAMEWORK_SEARCH_PATHS = (
					"$(SDKROOT)/Developer/Library/Frameworks",
					"$(inherited)",
				);
				INFOPLIST_FILE = iNewsFeedTests/Info.plist;
				LD_RUNPATH_SEARCH_PATHS = "$(inherited) @executable_path/Frameworks @loader_path/Frameworks";
				PRODUCT_NAME = "$(TARGET_NAME)";
				TEST_HOST = "$(BUILT_PRODUCTS_DIR)/iNewsFeed.app/iNewsFeed";
			};
			name = Release;
		};
/* End XCBuildConfiguration section */

/* Begin XCConfigurationList section */
		95E053411A23427C00D37F32 /* Build configuration list for PBXProject "iNewsFeed" */ = {
			isa = XCConfigurationList;
			buildConfigurations = (
				95E053631A23427E00D37F32 /* Debug */,
				95E053641A23427E00D37F32 /* Release */,
			);
			defaultConfigurationIsVisible = 0;
			defaultConfigurationName = Release;
		};
		95E053651A23427E00D37F32 /* Build configuration list for PBXNativeTarget "iNewsFeed" */ = {
			isa = XCConfigurationList;
			buildConfigurations = (
				95E053661A23427E00D37F32 /* Debug */,
				95E053671A23427E00D37F32 /* Release */,
			);
			defaultConfigurationIsVisible = 0;
			defaultConfigurationName = Release;
		};
		95E053681A23427E00D37F32 /* Build configuration list for PBXNativeTarget "iNewsFeedTests" */ = {
			isa = XCConfigurationList;
			buildConfigurations = (
				95E053691A23427E00D37F32 /* Debug */,
				95E0536A1A23427E00D37F32 /* Release */,
			);
			defaultConfigurationIsVisible = 0;
			defaultConfigurationName = Release;
		};
/* End XCConfigurationList section */
	};
	rootObject = 95E0533E1A23427C00D37F32 /* Project object */;
}
